
Microsoft Visual Studio Solution File, Format Version 12.00
# Visual Studio Version 16
VisualStudioVersion = 16.0.30406.217
MinimumVisualStudioVersion = 10.0.40219.1
Project("{FAE04EC0-301F-11D3-BF4B-00C04F79EFBC}") = "OnSale.Common", "OnSale.Common\OnSale.Common.csproj", "{DDF5529F-DBA6-418D-A9E7-CA0BB1917BE0}"
EndProject
Project("{FAE04EC0-301F-11D3-BF4B-00C04F79EFBC}") = "OnSale.Web", "OnSale.Web\OnSale.Web.csproj", "{1A06614C-DCCC-45BD-B6D5-769E0F12DB94}"
EndProject
Global
	GlobalSection(SolutionConfigurationPlatforms) = preSolution
		Debug|Any CPU = Debug|Any CPU
		Release|Any CPU = Release|Any CPU
	EndGlobalSection
	GlobalSection(ProjectConfigurationPlatforms) = postSolution
		{DDF5529F-DBA6-418D-A9E7-CA0BB1917BE0}.Debug|Any CPU.ActiveCfg = Debug|Any CPU
		{DDF5529F-DBA6-418D-A9E7-CA0BB1917BE0}.Debug|Any CPU.Build.0 = Debug|Any CPU
		{DDF5529F-DBA6-418D-A9E7-CA0BB1917BE0}.Release|Any CPU.ActiveCfg = Release|Any CPU
		{DDF5529F-DBA6-418D-A9E7-CA0BB1917BE0}.Release|Any CPU.Build.0 = Release|Any CPU
		{1A06614C-DCCC-45BD-B6D5-769E0F12DB94}.Debug|Any CPU.ActiveCfg = Debug|Any CPU
		{1A06614C-DCCC-45BD-B6D5-769E0F12DB94}.Debug|Any CPU.Build.0 = Debug|Any CPU
		{1A06614C-DCCC-45BD-B6D5-769E0F12DB94}.Release|Any CPU.ActiveCfg = Release|Any CPU
		{1A06614C-DCCC-45BD-B6D5-769E0F12DB94}.Release|Any CPU.Build.0 = Release|Any CPU
	EndGlobalSection
	GlobalSection(SolutionProperties) = preSolution
		HideSolutionNode = FALSE
	EndGlobalSection
	GlobalSection(ExtensibilityGlobals) = postSolution
		SolutionGuid = {3F7B8BD0-79DB-405D-B418-678ECA36A5F9}
	EndGlobalSection
EndGlobal
